// !$*UTF8*$!
{
	archiveVersion = 1;
	classes = {
	};
	objectVersion = 50;
	objects = {

/* Begin PBXBuildFile section */
		391A558D2AFB844500E3A308 /* ApiCalls.swift in Sources */ = {isa = PBXBuildFile; fileRef = 391A558C2AFB844500E3A308 /* ApiCalls.swift */; };
		392069822AEA98CC00AD79ED /* ChooseCardsViewController.swift in Sources */ = {isa = PBXBuildFile; fileRef = 392069812AEA98CC00AD79ED /* ChooseCardsViewController.swift */; };
		392069852AEA9D8E00AD79ED /* ImageCollectionViewCell.swift in Sources */ = {isa = PBXBuildFile; fileRef = 392069842AEA9D8E00AD79ED /* ImageCollectionViewCell.swift */; };
		39260CBE2B079CDF00A06421 /* OrderCriteria.swift in Sources */ = {isa = PBXBuildFile; fileRef = 39260CBD2B079CDF00A06421 /* OrderCriteria.swift */; };
		393993952AE7EE2C003CC9DF /* GameSettingsViewController.swift in Sources */ = {isa = PBXBuildFile; fileRef = 393993942AE7EE2C003CC9DF /* GameSettingsViewController.swift */; };
		393993992AE7F178003CC9DF /* Settings.swift in Sources */ = {isa = PBXBuildFile; fileRef = 393993982AE7F178003CC9DF /* Settings.swift */; };
		39482ED22AE998A700FFCD7B /* SaveLoad.swift in Sources */ = {isa = PBXBuildFile; fileRef = 39482ED12AE998A700FFCD7B /* SaveLoad.swift */; };
		39482ED52AE998BD00FFCD7B /* Game.swift in Sources */ = {isa = PBXBuildFile; fileRef = 39482ED42AE998BD00FFCD7B /* Game.swift */; };
		395865BB2AF1242D009117B9 /* TimerManagement.swift in Sources */ = {isa = PBXBuildFile; fileRef = 395865BA2AF1242D009117B9 /* TimerManagement.swift */; };
		398BB8DB2AF5115B007A9095 /* TimeManagementDelegate.swift in Sources */ = {isa = PBXBuildFile; fileRef = 398BB8DA2AF5115B007A9095 /* TimeManagementDelegate.swift */; };
		398BB8DF2AF521EB007A9095 /* CollectionViewLayoutConfigurator.swift in Sources */ = {isa = PBXBuildFile; fileRef = 398BB8DE2AF521EB007A9095 /* CollectionViewLayoutConfigurator.swift */; };
		398C18352AE840BE00D61376 /* ShowCardsViewController.swift in Sources */ = {isa = PBXBuildFile; fileRef = 398C18342AE840BE00D61376 /* ShowCardsViewController.swift */; };
		399231C12AF2B98600DAC47E /* CollectionViewManager.swift in Sources */ = {isa = PBXBuildFile; fileRef = 399231C02AF2B98600DAC47E /* CollectionViewManager.swift */; };
		399231C42AF2D96F00DAC47E /* Utils.swift in Sources */ = {isa = PBXBuildFile; fileRef = 399231C32AF2D96F00DAC47E /* Utils.swift */; };
		39A7EFB92AEBDE29001173A3 /* ScoreTableViewCell.swift in Sources */ = {isa = PBXBuildFile; fileRef = 39A7EFB82AEBDE29001173A3 /* ScoreTableViewCell.swift */; };
		39A7EFBD2AEBDF84001173A3 /* ScoreRecordTableViewController.swift in Sources */ = {isa = PBXBuildFile; fileRef = 39A7EFBC2AEBDF84001173A3 /* ScoreRecordTableViewController.swift */; };
		39A7EFC12AEBF880001173A3 /* TODO.swift in Sources */ = {isa = PBXBuildFile; fileRef = 39A7EFC02AEBF880001173A3 /* TODO.swift */; };
		39B359BC2AFA478500B6E515 /* CollectionViewManagerDelegate.swift in Sources */ = {isa = PBXBuildFile; fileRef = 39B359BB2AFA478500B6E515 /* CollectionViewManagerDelegate.swift */; };
		39E225342AEADE6D0090A39A /* YourScoreViewController.swift in Sources */ = {isa = PBXBuildFile; fileRef = 39E225332AEADE6D0090A39A /* YourScoreViewController.swift */; };
		39EF7F062ADFDDAE00D9C9F2 /* AppDelegate.swift in Sources */ = {isa = PBXBuildFile; fileRef = 39EF7F052ADFDDAE00D9C9F2 /* AppDelegate.swift */; };
		39EF7F082ADFDDAE00D9C9F2 /* SceneDelegate.swift in Sources */ = {isa = PBXBuildFile; fileRef = 39EF7F072ADFDDAE00D9C9F2 /* SceneDelegate.swift */; };
		39EF7F0D2ADFDDAE00D9C9F2 /* Main.storyboard in Resources */ = {isa = PBXBuildFile; fileRef = 39EF7F0B2ADFDDAE00D9C9F2 /* Main.storyboard */; };
		39EF7F0F2ADFDDAE00D9C9F2 /* Assets.xcassets in Resources */ = {isa = PBXBuildFile; fileRef = 39EF7F0E2ADFDDAE00D9C9F2 /* Assets.xcassets */; };
		39EF7F122ADFDDAE00D9C9F2 /* LaunchScreen.storyboard in Resources */ = {isa = PBXBuildFile; fileRef = 39EF7F102ADFDDAE00D9C9F2 /* LaunchScreen.storyboard */; };
/* End PBXBuildFile section */

/* Begin PBXFileReference section */
		391A558C2AFB844500E3A308 /* ApiCalls.swift */ = {isa = PBXFileReference; lastKnownFileType = sourcecode.swift; path = ApiCalls.swift; sourceTree = "<group>"; };
		392069812AEA98CC00AD79ED /* ChooseCardsViewController.swift */ = {isa = PBXFileReference; lastKnownFileType = sourcecode.swift; path = ChooseCardsViewController.swift; sourceTree = "<group>"; };
		392069842AEA9D8E00AD79ED /* ImageCollectionViewCell.swift */ = {isa = PBXFileReference; lastKnownFileType = sourcecode.swift; path = ImageCollectionViewCell.swift; sourceTree = "<group>"; };
		39260CBD2B079CDF00A06421 /* OrderCriteria.swift */ = {isa = PBXFileReference; lastKnownFileType = sourcecode.swift; path = OrderCriteria.swift; sourceTree = "<group>"; };
		393993942AE7EE2C003CC9DF /* GameSettingsViewController.swift */ = {isa = PBXFileReference; lastKnownFileType = sourcecode.swift; path = GameSettingsViewController.swift; sourceTree = "<group>"; };
		393993982AE7F178003CC9DF /* Settings.swift */ = {isa = PBXFileReference; lastKnownFileType = sourcecode.swift; path = Settings.swift; sourceTree = "<group>"; };
		39482ED12AE998A700FFCD7B /* SaveLoad.swift */ = {isa = PBXFileReference; lastKnownFileType = sourcecode.swift; path = SaveLoad.swift; sourceTree = "<group>"; };
		39482ED42AE998BD00FFCD7B /* Game.swift */ = {isa = PBXFileReference; lastKnownFileType = sourcecode.swift; path = Game.swift; sourceTree = "<group>"; };
		395865BA2AF1242D009117B9 /* TimerManagement.swift */ = {isa = PBXFileReference; lastKnownFileType = sourcecode.swift; path = TimerManagement.swift; sourceTree = "<group>"; };
		398BB8DA2AF5115B007A9095 /* TimeManagementDelegate.swift */ = {isa = PBXFileReference; lastKnownFileType = sourcecode.swift; path = TimeManagementDelegate.swift; sourceTree = "<group>"; };
		398BB8DE2AF521EB007A9095 /* CollectionViewLayoutConfigurator.swift */ = {isa = PBXFileReference; lastKnownFileType = sourcecode.swift; path = CollectionViewLayoutConfigurator.swift; sourceTree = "<group>"; };
		398C18342AE840BE00D61376 /* ShowCardsViewController.swift */ = {isa = PBXFileReference; lastKnownFileType = sourcecode.swift; path = ShowCardsViewController.swift; sourceTree = "<group>"; };
		399231C02AF2B98600DAC47E /* CollectionViewManager.swift */ = {isa = PBXFileReference; lastKnownFileType = sourcecode.swift; path = CollectionViewManager.swift; sourceTree = "<group>"; };
		399231C32AF2D96F00DAC47E /* Utils.swift */ = {isa = PBXFileReference; lastKnownFileType = sourcecode.swift; path = Utils.swift; sourceTree = "<group>"; };
		39A7EFB82AEBDE29001173A3 /* ScoreTableViewCell.swift */ = {isa = PBXFileReference; lastKnownFileType = sourcecode.swift; path = ScoreTableViewCell.swift; sourceTree = "<group>"; };
		39A7EFBC2AEBDF84001173A3 /* ScoreRecordTableViewController.swift */ = {isa = PBXFileReference; lastKnownFileType = sourcecode.swift; path = ScoreRecordTableViewController.swift; sourceTree = "<group>"; };
		39A7EFC02AEBF880001173A3 /* TODO.swift */ = {isa = PBXFileReference; lastKnownFileType = sourcecode.swift; path = TODO.swift; sourceTree = "<group>"; };
		39B359BB2AFA478500B6E515 /* CollectionViewManagerDelegate.swift */ = {isa = PBXFileReference; lastKnownFileType = sourcecode.swift; path = CollectionViewManagerDelegate.swift; sourceTree = "<group>"; };
		39E225332AEADE6D0090A39A /* YourScoreViewController.swift */ = {isa = PBXFileReference; lastKnownFileType = sourcecode.swift; path = YourScoreViewController.swift; sourceTree = "<group>"; };
		39EF7F022ADFDDAE00D9C9F2 /* tarea1.app */ = {isa = PBXFileReference; explicitFileType = wrapper.application; includeInIndex = 0; path = tarea1.app; sourceTree = BUILT_PRODUCTS_DIR; };
		39EF7F052ADFDDAE00D9C9F2 /* AppDelegate.swift */ = {isa = PBXFileReference; lastKnownFileType = sourcecode.swift; path = AppDelegate.swift; sourceTree = "<group>"; };
		39EF7F072ADFDDAE00D9C9F2 /* SceneDelegate.swift */ = {isa = PBXFileReference; lastKnownFileType = sourcecode.swift; path = SceneDelegate.swift; sourceTree = "<group>"; };
		39EF7F0C2ADFDDAE00D9C9F2 /* Base */ = {isa = PBXFileReference; lastKnownFileType = file.storyboard; name = Base; path = Base.lproj/Main.storyboard; sourceTree = "<group>"; };
		39EF7F0E2ADFDDAE00D9C9F2 /* Assets.xcassets */ = {isa = PBXFileReference; lastKnownFileType = folder.assetcatalog; path = Assets.xcassets; sourceTree = "<group>"; };
		39EF7F112ADFDDAE00D9C9F2 /* Base */ = {isa = PBXFileReference; lastKnownFileType = file.storyboard; name = Base; path = Base.lproj/LaunchScreen.storyboard; sourceTree = "<group>"; };
		39EF7F132ADFDDAE00D9C9F2 /* Info.plist */ = {isa = PBXFileReference; lastKnownFileType = text.plist.xml; path = Info.plist; sourceTree = "<group>"; };
/* End PBXFileReference section */

/* Begin PBXFrameworksBuildPhase section */
		39EF7EFF2ADFDDAD00D9C9F2 /* Frameworks */ = {
			isa = PBXFrameworksBuildPhase;
			buildActionMask = 2147483647;
			files = (
			);
			runOnlyForDeploymentPostprocessing = 0;
		};
/* End PBXFrameworksBuildPhase section */

/* Begin PBXGroup section */
		39EF7EF92ADFDDAD00D9C9F2 = {
			isa = PBXGroup;
			children = (
				39EF7F042ADFDDAE00D9C9F2 /* tarea1 */,
				39EF7F032ADFDDAE00D9C9F2 /* Products */,
			);
			sourceTree = "<group>";
		};
		39EF7F032ADFDDAE00D9C9F2 /* Products */ = {
			isa = PBXGroup;
			children = (
				39EF7F022ADFDDAE00D9C9F2 /* tarea1.app */,
			);
			name = Products;
			sourceTree = "<group>";
		};
		39EF7F042ADFDDAE00D9C9F2 /* tarea1 */ = {
			isa = PBXGroup;
			children = (
				39EF7F052ADFDDAE00D9C9F2 /* AppDelegate.swift */,
				39EF7F072ADFDDAE00D9C9F2 /* SceneDelegate.swift */,
				393993942AE7EE2C003CC9DF /* GameSettingsViewController.swift */,
				398C18342AE840BE00D61376 /* ShowCardsViewController.swift */,
				392069812AEA98CC00AD79ED /* ChooseCardsViewController.swift */,
				393993982AE7F178003CC9DF /* Settings.swift */,
				395865BA2AF1242D009117B9 /* TimerManagement.swift */,
				399231C02AF2B98600DAC47E /* CollectionViewManager.swift */,
				398BB8DE2AF521EB007A9095 /* CollectionViewLayoutConfigurator.swift */,
				39260CBD2B079CDF00A06421 /* OrderCriteria.swift */,
				391A558C2AFB844500E3A308 /* ApiCalls.swift */,
				39A7EFB82AEBDE29001173A3 /* ScoreTableViewCell.swift */,
				39A7EFBC2AEBDF84001173A3 /* ScoreRecordTableViewController.swift */,
				39B359BB2AFA478500B6E515 /* CollectionViewManagerDelegate.swift */,
				39E225332AEADE6D0090A39A /* YourScoreViewController.swift */,
				398BB8DA2AF5115B007A9095 /* TimeManagementDelegate.swift */,
				399231C32AF2D96F00DAC47E /* Utils.swift */,
				39A7EFC02AEBF880001173A3 /* TODO.swift */,
				392069842AEA9D8E00AD79ED /* ImageCollectionViewCell.swift */,
				39482ED12AE998A700FFCD7B /* SaveLoad.swift */,
				39482ED42AE998BD00FFCD7B /* Game.swift */,
				39EF7F0B2ADFDDAE00D9C9F2 /* Main.storyboard */,
				39EF7F0E2ADFDDAE00D9C9F2 /* Assets.xcassets */,
				39EF7F102ADFDDAE00D9C9F2 /* LaunchScreen.storyboard */,
				39EF7F132ADFDDAE00D9C9F2 /* Info.plist */,
			);
			path = tarea1;
			sourceTree = "<group>";
		};
/* End PBXGroup section */

/* Begin PBXNativeTarget section */
		39EF7F012ADFDDAD00D9C9F2 /* tarea1 */ = {
			isa = PBXNativeTarget;
			buildConfigurationList = 39EF7F162ADFDDAE00D9C9F2 /* Build configuration list for PBXNativeTarget "tarea1" */;
			buildPhases = (
				39EF7EFE2ADFDDAD00D9C9F2 /* Sources */,
				39EF7EFF2ADFDDAD00D9C9F2 /* Frameworks */,
				39EF7F002ADFDDAD00D9C9F2 /* Resources */,
			);
			buildRules = (
			);
			dependencies = (
			);
			name = tarea1;
			productName = tarea1;
			productReference = 39EF7F022ADFDDAE00D9C9F2 /* tarea1.app */;
			productType = "com.apple.product-type.application";
		};
/* End PBXNativeTarget section */

/* Begin PBXProject section */
		39EF7EFA2ADFDDAD00D9C9F2 /* Project object */ = {
			isa = PBXProject;
			attributes = {
				LastSwiftUpdateCheck = 1240;
				LastUpgradeCheck = 1240;
				TargetAttributes = {
					39EF7F012ADFDDAD00D9C9F2 = {
						CreatedOnToolsVersion = 12.4;
					};
				};
			};
			buildConfigurationList = 39EF7EFD2ADFDDAD00D9C9F2 /* Build configuration list for PBXProject "tarea1" */;
			compatibilityVersion = "Xcode 9.3";
			developmentRegion = en;
			hasScannedForEncodings = 0;
			knownRegions = (
				en,
				Base,
			);
			mainGroup = 39EF7EF92ADFDDAD00D9C9F2;
			productRefGroup = 39EF7F032ADFDDAE00D9C9F2 /* Products */;
			projectDirPath = "";
			projectRoot = "";
			targets = (
				39EF7F012ADFDDAD00D9C9F2 /* tarea1 */,
			);
		};
/* End PBXProject section */

/* Begin PBXResourcesBuildPhase section */
		39EF7F002ADFDDAD00D9C9F2 /* Resources */ = {
			isa = PBXResourcesBuildPhase;
			buildActionMask = 2147483647;
			files = (
				39EF7F122ADFDDAE00D9C9F2 /* LaunchScreen.storyboard in Resources */,
				39EF7F0F2ADFDDAE00D9C9F2 /* Assets.xcassets in Resources */,
				39EF7F0D2ADFDDAE00D9C9F2 /* Main.storyboard in Resources */,
			);
			runOnlyForDeploymentPostprocessing = 0;
		};
/* End PBXResourcesBuildPhase section */

/* Begin PBXSourcesBuildPhase section */
		39EF7EFE2ADFDDAD00D9C9F2 /* Sources */ = {
			isa = PBXSourcesBuildPhase;
			buildActionMask = 2147483647;
			files = (
				39E225342AEADE6D0090A39A /* YourScoreViewController.swift in Sources */,
				393993952AE7EE2C003CC9DF /* GameSettingsViewController.swift in Sources */,
				391A558D2AFB844500E3A308 /* ApiCalls.swift in Sources */,
				39EF7F062ADFDDAE00D9C9F2 /* AppDelegate.swift in Sources */,
				39EF7F082ADFDDAE00D9C9F2 /* SceneDelegate.swift in Sources */,
				39A7EFC12AEBF880001173A3 /* TODO.swift in Sources */,
				398BB8DF2AF521EB007A9095 /* CollectionViewLayoutConfigurator.swift in Sources */,
				39482ED22AE998A700FFCD7B /* SaveLoad.swift in Sources */,
				398C18352AE840BE00D61376 /* ShowCardsViewController.swift in Sources */,
				399231C42AF2D96F00DAC47E /* Utils.swift in Sources */,
				39B359BC2AFA478500B6E515 /* CollectionViewManagerDelegate.swift in Sources */,
				398BB8DB2AF5115B007A9095 /* TimeManagementDelegate.swift in Sources */,
				392069852AEA9D8E00AD79ED /* ImageCollectionViewCell.swift in Sources */,
				393993992AE7F178003CC9DF /* Settings.swift in Sources */,
				39482ED52AE998BD00FFCD7B /* Game.swift in Sources */,
				395865BB2AF1242D009117B9 /* TimerManagement.swift in Sources */,
				39A7EFBD2AEBDF84001173A3 /* ScoreRecordTableViewController.swift in Sources */,
				39A7EFB92AEBDE29001173A3 /* ScoreTableViewCell.swift in Sources */,
				39260CBE2B079CDF00A06421 /* OrderCriteria.swift in Sources */,
				392069822AEA98CC00AD79ED /* ChooseCardsViewController.swift in Sources */,
				399231C12AF2B98600DAC47E /* CollectionViewManager.swift in Sources */,
			);
			runOnlyForDeploymentPostprocessing = 0;
		};
/* End PBXSourcesBuildPhase section */

/* Begin PBXVariantGroup section */
		39EF7F0B2ADFDDAE00D9C9F2 /* Main.storyboard */ = {
			isa = PBXVariantGroup;
			children = (
				39EF7F0C2ADFDDAE00D9C9F2 /* Base */,
			);
			name = Main.storyboard;
			sourceTree = "<group>";
		};
		39EF7F102ADFDDAE00D9C9F2 /* LaunchScreen.storyboard */ = {
			isa = PBXVariantGroup;
			children = (
				39EF7F112ADFDDAE00D9C9F2 /* Base */,
			);
			name = LaunchScreen.storyboard;
			sourceTree = "<group>";
		};
/* End PBXVariantGroup section */

/* Begin XCBuildConfiguration section */
		39EF7F142ADFDDAE00D9C9F2 /* Debug */ = {
			isa = XCBuildConfiguration;
			buildSettings = {
				ALWAYS_SEARCH_USER_PATHS = NO;
				CLANG_ANALYZER_NONNULL = YES;
				CLANG_ANALYZER_NUMBER_OBJECT_CONVERSION = YES_AGGRESSIVE;
				CLANG_CXX_LANGUAGE_STANDARD = "gnu++14";
				CLANG_CXX_LIBRARY = "libc++";
				CLANG_ENABLE_MODULES = YES;
				CLANG_ENABLE_OBJC_ARC = YES;
				CLANG_ENABLE_OBJC_WEAK = YES;
				CLANG_WARN_BLOCK_CAPTURE_AUTORELEASING = YES;
				CLANG_WARN_BOOL_CONVERSION = YES;
				CLANG_WARN_COMMA = YES;
				CLANG_WARN_CONSTANT_CONVERSION = YES;
				CLANG_WARN_DEPRECATED_OBJC_IMPLEMENTATIONS = YES;
				CLANG_WARN_DIRECT_OBJC_ISA_USAGE = YES_ERROR;
				CLANG_WARN_DOCUMENTATION_COMMENTS = YES;
				CLANG_WARN_EMPTY_BODY = YES;
				CLANG_WARN_ENUM_CONVERSION = YES;
				CLANG_WARN_INFINITE_RECURSION = YES;
				CLANG_WARN_INT_CONVERSION = YES;
				CLANG_WARN_NON_LITERAL_NULL_CONVERSION = YES;
				CLANG_WARN_OBJC_IMPLICIT_RETAIN_SELF = YES;
				CLANG_WARN_OBJC_LITERAL_CONVERSION = YES;
				CLANG_WARN_OBJC_ROOT_CLASS = YES_ERROR;
				CLANG_WARN_QUOTED_INCLUDE_IN_FRAMEWORK_HEADER = YES;
				CLANG_WARN_RANGE_LOOP_ANALYSIS = YES;
				CLANG_WARN_STRICT_PROTOTYPES = YES;
				CLANG_WARN_SUSPICIOUS_MOVE = YES;
				CLANG_WARN_UNGUARDED_AVAILABILITY = YES_AGGRESSIVE;
				CLANG_WARN_UNREACHABLE_CODE = YES;
				CLANG_WARN__DUPLICATE_METHOD_MATCH = YES;
				COPY_PHASE_STRIP = NO;
				DEBUG_INFORMATION_FORMAT = dwarf;
				ENABLE_STRICT_OBJC_MSGSEND = YES;
				ENABLE_TESTABILITY = YES;
				GCC_C_LANGUAGE_STANDARD = gnu11;
				GCC_DYNAMIC_NO_PIC = NO;
				GCC_NO_COMMON_BLOCKS = YES;
				GCC_OPTIMIZATION_LEVEL = 0;
				GCC_PREPROCESSOR_DEFINITIONS = (
					"DEBUG=1",
					"$(inherited)",
				);
				GCC_WARN_64_TO_32_BIT_CONVERSION = YES;
				GCC_WARN_ABOUT_RETURN_TYPE = YES_ERROR;
				GCC_WARN_UNDECLARED_SELECTOR = YES;
				GCC_WARN_UNINITIALIZED_AUTOS = YES_AGGRESSIVE;
				GCC_WARN_UNUSED_FUNCTION = YES;
				GCC_WARN_UNUSED_VARIABLE = YES;
				IPHONEOS_DEPLOYMENT_TARGET = 14.4;
				MTL_ENABLE_DEBUG_INFO = INCLUDE_SOURCE;
				MTL_FAST_MATH = YES;
				ONLY_ACTIVE_ARCH = YES;
				SDKROOT = iphoneos;
				SWIFT_ACTIVE_COMPILATION_CONDITIONS = DEBUG;
				SWIFT_OPTIMIZATION_LEVEL = "-Onone";
			};
			name = Debug;
		};
		39EF7F152ADFDDAE00D9C9F2 /* Release */ = {
			isa = XCBuildConfiguration;
			buildSettings = {
				ALWAYS_SEARCH_USER_PATHS = NO;
				CLANG_ANALYZER_NONNULL = YES;
				CLANG_ANALYZER_NUMBER_OBJECT_CONVERSION = YES_AGGRESSIVE;
				CLANG_CXX_LANGUAGE_STANDARD = "gnu++14";
				CLANG_CXX_LIBRARY = "libc++";
				CLANG_ENABLE_MODULES = YES;
				CLANG_ENABLE_OBJC_ARC = YES;
				CLANG_ENABLE_OBJC_WEAK = YES;
				CLANG_WARN_BLOCK_CAPTURE_AUTORELEASING = YES;
				CLANG_WARN_BOOL_CONVERSION = YES;
				CLANG_WARN_COMMA = YES;
				CLANG_WARN_CONSTANT_CONVERSION = YES;
				CLANG_WARN_DEPRECATED_OBJC_IMPLEMENTATIONS = YES;
				CLANG_WARN_DIRECT_OBJC_ISA_USAGE = YES_ERROR;
				CLANG_WARN_DOCUMENTATION_COMMENTS = YES;
				CLANG_WARN_EMPTY_BODY = YES;
				CLANG_WARN_ENUM_CONVERSION = YES;
				CLANG_WARN_INFINITE_RECURSION = YES;
				CLANG_WARN_INT_CONVERSION = YES;
				CLANG_WARN_NON_LITERAL_NULL_CONVERSION = YES;
				CLANG_WARN_OBJC_IMPLICIT_RETAIN_SELF = YES;
				CLANG_WARN_OBJC_LITERAL_CONVERSION = YES;
				CLANG_WARN_OBJC_ROOT_CLASS = YES_ERROR;
				CLANG_WARN_QUOTED_INCLUDE_IN_FRAMEWORK_HEADER = YES;
				CLANG_WARN_RANGE_LOOP_ANALYSIS = YES;
				CLANG_WARN_STRICT_PROTOTYPES = YES;
				CLANG_WARN_SUSPICIOUS_MOVE = YES;
				CLANG_WARN_UNGUARDED_AVAILABILITY = YES_AGGRESSIVE;
				CLANG_WARN_UNREACHABLE_CODE = YES;
				CLANG_WARN__DUPLICATE_METHOD_MATCH = YES;
				COPY_PHASE_STRIP = NO;
				DEBUG_INFORMATION_FORMAT = "dwarf-with-dsym";
				ENABLE_NS_ASSERTIONS = NO;
				ENABLE_STRICT_OBJC_MSGSEND = YES;
				GCC_C_LANGUAGE_STANDARD = gnu11;
				GCC_NO_COMMON_BLOCKS = YES;
				GCC_WARN_64_TO_32_BIT_CONVERSION = YES;
				GCC_WARN_ABOUT_RETURN_TYPE = YES_ERROR;
				GCC_WARN_UNDECLARED_SELECTOR = YES;
				GCC_WARN_UNINITIALIZED_AUTOS = YES_AGGRESSIVE;
				GCC_WARN_UNUSED_FUNCTION = YES;
				GCC_WARN_UNUSED_VARIABLE = YES;
				IPHONEOS_DEPLOYMENT_TARGET = 14.4;
				MTL_ENABLE_DEBUG_INFO = NO;
				MTL_FAST_MATH = YES;
				SDKROOT = iphoneos;
				SWIFT_COMPILATION_MODE = wholemodule;
				SWIFT_OPTIMIZATION_LEVEL = "-O";
				VALIDATE_PRODUCT = YES;
			};
			name = Release;
		};
		39EF7F172ADFDDAE00D9C9F2 /* Debug */ = {
			isa = XCBuildConfiguration;
			buildSettings = {
				ASSETCATALOG_COMPILER_APPICON_NAME = AppIcon;
				ASSETCATALOG_COMPILER_GLOBAL_ACCENT_COLOR_NAME = AccentColor;
				CODE_SIGN_STYLE = Automatic;
				INFOPLIST_FILE = tarea1/Info.plist;
				LD_RUNPATH_SEARCH_PATHS = (
					"$(inherited)",
					"@executable_path/Frameworks",
				);
				PRODUCT_BUNDLE_IDENTIFIER = com.joan.tarea1;
				PRODUCT_NAME = "$(TARGET_NAME)";
				SWIFT_VERSION = 5.0;
				TARGETED_DEVICE_FAMILY = "1,2";
			};
			name = Debug;
		};
		39EF7F182ADFDDAE00D9C9F2 /* Release */ = {
			isa = XCBuildConfiguration;
			buildSettings = {
				ASSETCATALOG_COMPILER_APPICON_NAME = AppIcon;
				ASSETCATALOG_COMPILER_GLOBAL_ACCENT_COLOR_NAME = AccentColor;
				CODE_SIGN_STYLE = Automatic;
				INFOPLIST_FILE = tarea1/Info.plist;
				LD_RUNPATH_SEARCH_PATHS = (
					"$(inherited)",
					"@executable_path/Frameworks",
				);
				PRODUCT_BUNDLE_IDENTIFIER = com.joan.tarea1;
				PRODUCT_NAME = "$(TARGET_NAME)";
				SWIFT_VERSION = 5.0;
				TARGETED_DEVICE_FAMILY = "1,2";
			};
			name = Release;
		};
/* End XCBuildConfiguration section */

/* Begin XCConfigurationList section */
		39EF7EFD2ADFDDAD00D9C9F2 /* Build configuration list for PBXProject "tarea1" */ = {
			isa = XCConfigurationList;
			buildConfigurations = (
				39EF7F142ADFDDAE00D9C9F2 /* Debug */,
				39EF7F152ADFDDAE00D9C9F2 /* Release */,
			);
			defaultConfigurationIsVisible = 0;
			defaultConfigurationName = Release;
		};
		39EF7F162ADFDDAE00D9C9F2 /* Build configuration list for PBXNativeTarget "tarea1" */ = {
			isa = XCConfigurationList;
			buildConfigurations = (
				39EF7F172ADFDDAE00D9C9F2 /* Debug */,
				39EF7F182ADFDDAE00D9C9F2 /* Release */,
			);
			defaultConfigurationIsVisible = 0;
			defaultConfigurationName = Release;
		};
/* End XCConfigurationList section */
	};
	rootObject = 39EF7EFA2ADFDDAD00D9C9F2 /* Project object */;
}
